{
    "_meta": {
        "hash": {
            "sha256": "401ffeb4e2abd21b93fdbe4fb78d0562f88da0b948b44f8ec3b88bc48cbb75ff"
        },
        "pipfile-spec": 6,
        "requires": {
            "python_version": "3.7"
        },
        "sources": [
            {
                "name": "pypi",
                "url": "https://pypi.org/simple",
                "verify_ssl": true
            }
        ]
    },
    "default": {
        "aiohttp": {
            "hashes": [
                "sha256:173267050501e1537293df06723bc5e719990889e2820ba3932969983892e960",
                "sha256:438f1f1555c02c50894604d94944cff188fe138b46467b7fa99fdceb51ab5842",
                "sha256:90bed250d1435aef33a1f8c439c5056d5d25a44fe6caf33fcafafed805bad4dc",
                "sha256:93c3b14747413f38f094a60e98f55e73831f0c9a23ae7faa3dc97d8963e13021",
                "sha256:a6e70a38d883185b1921d8122759661c39ade54949770394412a9e713fec6fa7",
                "sha256:b5036133c1ba77ed5a70208d2a021a90b76fdf8bf523ae33dae46d4f4380d86f",
                "sha256:c138451a82cdbf65cddf952941d5c7a1a2cac8ce3bc618dee8d889e5251ec7a5",
                "sha256:c94770383e49f9cc5912b926364ad022a6c8a5dbf5498933ca3a5713c6daf738",
                "sha256:ea26536ae06df6dac021303a0df72c79e55512070e6a304ba93ad468a3a754dc"
            ],
            "index": "pypi",
            "version": "==4.0.0a1"
        },
        "anytree": {
            "hashes": [
                "sha256:6692679795c7a2ef877c01b0d5131f2c08945ef21445c082d55f08b07d1b41f3"
            ],
            "index": "pypi",
            "version": "==2.7.2"
        },
        "appdirs": {
            "hashes": [
                "sha256:9e5896d1372858f8dd3344faf4e5014d21849c756c8d5701f78f8a103b372d92",
                "sha256:d8b24664561d0d34ddfaec54636d502d7cea6e29c3eaf68f3df6180863e2166e"
            ],
            "version": "==1.4.3"
        },
        "async-timeout": {
            "hashes": [
                "sha256:0c3c816a028d47f659d6ff5c745cb2acf1f966da1fe5c19c77a70282b25f4c5f",
                "sha256:4291ca197d287d274d0b6cb5d6f8f8f82d434ed288f962539ff18cc9012f9ea3"
            ],
            "version": "==3.0.1"
        },
        "attrs": {
            "hashes": [
                "sha256:08a96c641c3a74e44eb59afb61a24f2cb9f4d7188748e76ba4bb5edfa3cb7d1c",
                "sha256:f7b7ce16570fe9965acd6d30101a28f62fb4a7f9e926b3bbc9b61f8b04247e72"
            ],
            "version": "==19.3.0"
        },
        "black": {
            "hashes": [
                "sha256:09a9dcb7c46ed496a9850b76e4e825d6049ecd38b611f1224857a79bd985a8cf",
                "sha256:68950ffd4d9169716bcb8719a56c07a2f4485354fec061cdd5910aa07369731c"
            ],
            "index": "pypi",
            "version": "==19.3b0"
        },
        "boolean.py": {
            "hashes": [
                "sha256:82ae181f9c85cb5c893a5a4daba9f24d60b538a7dd27fd0c6752a77eba4fbeff",
                "sha256:bd19b412435611ecc712603d0fd7d0e280e24698e7a6e3d5f610473870c5dd1e"
            ],
            "version": "==3.7"
        },
        "chardet": {
            "hashes": [
                "sha256:84ab92ed1c4d4f16916e05906b6b75a6c0fb5db821cc65e70cbd64a3e2a5eaae",
                "sha256:fc323ffcaeaed0e0a02bf4d117757b98aed530d9ed4531e3e15460124c106691"
            ],
            "version": "==3.0.4"
        },
        "click": {
            "hashes": [
                "sha256:2335065e6395b9e67ca716de5f7526736bfa6ceead690adf616d925bdc622b13",
                "sha256:5b94b49521f6456670fdb30cd82a4eca9412788a93fa6dd6df72c94d5a8ff2d7"
            ],
            "version": "==7.0"
        },
        "docopt": {
            "hashes": [
                "sha256:49b3a825280bd66b3aa83585ef59c4a8c82f2c8a522dbe754a8bc8d08c85c491"
            ],
            "index": "pypi",
            "version": "==0.6.2"
        },
        "idna": {
            "hashes": [
                "sha256:c357b3f628cf53ae2c4c05627ecc484553142ca23264e593d327bcde5e9c3407",
                "sha256:ea8b7f6188e6fa117537c3df7da9fc686d485087abf6ac197f9c46432f7e4a3c"
            ],
            "version": "==2.8"
        },
        "license-expression": {
            "hashes": [
                "sha256:5928605d416268ef7e203ca21a5020f96707f0858aa7c18eab8dcaa5b2683d1d",
                "sha256:8aaa455c5b97c4f2174090178b19792b2a1c620e80591aafd4e0a99b713f9e8d"
            ],
            "index": "pypi",
            "version": "==1.0"
        },
        "multidict": {
            "hashes": [
                "sha256:024b8129695a952ebd93373e45b5d341dbb87c17ce49637b34000093f243dd4f",
                "sha256:041e9442b11409be5e4fc8b6a97e4bcead758ab1e11768d1e69160bdde18acc3",
                "sha256:045b4dd0e5f6121e6f314d81759abd2c257db4634260abcfe0d3f7083c4908ef",
                "sha256:047c0a04e382ef8bd74b0de01407e8d8632d7d1b4db6f2561106af812a68741b",
                "sha256:068167c2d7bbeebd359665ac4fff756be5ffac9cda02375b5c5a7c4777038e73",
                "sha256:148ff60e0fffa2f5fad2eb25aae7bef23d8f3b8bdaf947a65cdbe84a978092bc",
                "sha256:1d1c77013a259971a72ddaa83b9f42c80a93ff12df6a4723be99d858fa30bee3",
                "sha256:1d48bc124a6b7a55006d97917f695effa9725d05abe8ee78fd60d6588b8344cd",
                "sha256:31dfa2fc323097f8ad7acd41aa38d7c614dd1960ac6681745b6da124093dc351",
                "sha256:34f82db7f80c49f38b032c5abb605c458bac997a6c3142e0d6c130be6fb2b941",
                "sha256:3d5dd8e5998fb4ace04789d1d008e2bb532de501218519d70bb672c4c5a2fc5d",
                "sha256:4a6ae52bd3ee41ee0f3acf4c60ceb3f44e0e3bc52ab7da1c2b2aa6703363a3d1",
                "sha256:4b02a3b2a2f01d0490dd39321c74273fed0568568ea0e7ea23e02bd1fb10a10b",
                "sha256:4b843f8e1dd6a3195679d9838eb4670222e8b8d01bc36c9894d6c3538316fa0a",
                "sha256:5de53a28f40ef3c4fd57aeab6b590c2c663de87a5af76136ced519923d3efbb3",
                "sha256:61b2b33ede821b94fa99ce0b09c9ece049c7067a33b279f343adfe35108a4ea7",
                "sha256:6a3a9b0f45fd75dc05d8e93dc21b18fc1670135ec9544d1ad4acbcf6b86781d0",
                "sha256:76ad8e4c69dadbb31bad17c16baee61c0d1a4a73bed2590b741b2e1a46d3edd0",
                "sha256:7ba19b777dc00194d1b473180d4ca89a054dd18de27d0ee2e42a103ec9b7d014",
                "sha256:7c1b7eab7a49aa96f3db1f716f0113a8a2e93c7375dd3d5d21c4941f1405c9c5",
                "sha256:7fc0eee3046041387cbace9314926aa48b681202f8897f8bff3809967a049036",
                "sha256:8ccd1c5fff1aa1427100ce188557fc31f1e0a383ad8ec42c559aabd4ff08802d",
                "sha256:8e08dd76de80539d613654915a2f5196dbccc67448df291e69a88712ea21e24a",
                "sha256:c18498c50c59263841862ea0501da9f2b3659c00db54abfbf823a80787fde8ce",
                "sha256:c49db89d602c24928e68c0d510f4fcf8989d77defd01c973d6cbe27e684833b1",
                "sha256:ce20044d0317649ddbb4e54dab3c1bcc7483c78c27d3f58ab3d0c7e6bc60d26a",
                "sha256:d1071414dd06ca2eafa90c85a079169bfeb0e5f57fd0b45d44c092546fcd6fd9",
                "sha256:d3be11ac43ab1a3e979dac80843b42226d5d3cccd3986f2e03152720a4297cd7",
                "sha256:db603a1c235d110c860d5f39988ebc8218ee028f07a7cbc056ba6424372ca31b"
            ],
            "version": "==4.5.2"
        },
        "pipdeptree": {
            "hashes": [
                "sha256:78942d3e6a88af1cea41e04d1c29ff5fbf4dda438aa8d8938ed88db22871cca3",
                "sha256:98178657b9c952be6d49e639bcf39bc8d0e1b93781b4c518a99e6599852d46e5",
                "sha256:f54a2388cfe3cbaa08f4702ee8957f0f3f0d6ff65899833ea57f12f2fc4ae0c1"
            ],
            "index": "pypi",
            "version": "==0.13.2"
        },
        "prompt-toolkit": {
            "hashes": [
                "sha256:7281b5199235adaef6980942840c43753e4ab20dfe41338da634fb41c194f9d8",
                "sha256:82c7f8e07d7a0411ff5367a5a8ff520f0112b9179f3e599ee8ad2ad9b943d911",
                "sha256:cc66413b1b4b17021675d9f2d15d57e640b06ddfd99bb724c73484126d22622f"
            ],
            "version": "==1.0.14"
        },
        "pygments": {
            "hashes": [
                "sha256:71e430bc85c88a430f000ac1d9b331d2407f681d6f6aec95e8bcfbc3df5b0127",
                "sha256:881c4c157e45f30af185c1ffe8d549d48ac9127433f2c380c24b84572ad66297"
            ],
            "version": "==2.4.2"
        },
        "pyinquirer": {
            "hashes": [
                "sha256:c9a92d68d7727fbd886a7908c08fd9e9773e5dc211bf5cbf836ba90d366dee51"
            ],
            "index": "pypi",
            "version": "==1.0.3"
        },
        "regex": {
            "hashes": [
                "sha256:1e9f9bc44ca195baf0040b1938e6801d2f3409661c15fe57f8164c678cfc663f",
                "sha256:2079f83ac094b436a8078988e38af44286c67eb5a259becfc563e8a81cb34a11",
                "sha256:43dbcc90e1bd42d905abc8dac75a64768d4b621c9e01adfcd8a57df1af65793e",
                "sha256:587b62d48ca359d2d4f02d486f1f0aa9a20fbaf23a9d4198c4bed72ab2f6c849",
                "sha256:835ccdcdc612821edf132c20aef3eaaecfb884c9454fdc480d5887562594ac61",
                "sha256:93f6c9da57e704e128d90736430c5c59dd733327882b371b0cae8833106c2a21",
                "sha256:a46f27d267665016acb3ec8c6046ec5eae8cf80befe85ba47f43c6f5ec636dcd",
                "sha256:c5c8999b3a341b21ac2c6ec704cfcccbc50f1fedd61b6a8ee915ca7fd4b0a557",
                "sha256:d4d1829cf97632673aa49f378b0a2c3925acd795148c5ace8ef854217abbee89",
                "sha256:d96479257e8e4d1d7800adb26bf9c5ca5bab1648a1eddcac84d107b73dc68327",
                "sha256:f20f4912daf443220436759858f96fefbfc6c6ba9e67835fd6e4e9b73582791a",
                "sha256:f2b37b5b2c2a9d56d9e88efef200ec09c36c7f323f9d58d0b985a90923df386d",
                "sha256:fe765b809a1f7ce642c2edeee351e7ebd84391640031ba4b60af8d91a9045890"
            ],
            "version": "==2019.8.19"
        },
        "six": {
            "hashes": [
                "sha256:3350809f0555b11f552448330d0b52d5f24c91a322ea4a15ef22629740f3761c",
                "sha256:d16a0141ec1a18405cd4ce8b4613101da75da0e9a7aec5bdd4fa804d0e0eba73"
            ],
            "version": "==1.12.0"
        },
        "toml": {
            "hashes": [
                "sha256:229f81c57791a41d65e399fc06bf0848bab550a9dfd5ed66df18ce5f05e73d5c",
                "sha256:235682dd292d5899d361a811df37e04a8828a5b1da3115886b73cf81ebc9100e"
            ],
            "version": "==0.10.0"
        },
        "typing-extensions": {
            "hashes": [
                "sha256:2ed632b30bb54fc3941c382decfd0ee4148f5c591651c9272473fea2c6397d95",
                "sha256:b1edbbf0652660e32ae780ac9433f4231e7339c7f9a8057d0f042fcbcea49b87",
                "sha256:d8179012ec2c620d3791ca6fe2bf7979d979acdbef1fca0bc56b37411db682ed"
            ],
            "version": "==3.7.4"
        },
        "urllib3": {
            "hashes": [
                "sha256:3de946ffbed6e6746608990594d08faac602528ac7015ac28d33cee6a45b7398",
                "sha256:9a107b99a5393caf59c7aa3c1249c16e6879447533d0887f4336dde834c7be86"
            ],
            "index": "pypi",
            "version": "==1.25.6"
        },
        "wcwidth": {
            "hashes": [
                "sha256:3df37372226d6e63e1b1e1eda15c594bca98a22d33a23832a90998faa96bc65e",
                "sha256:f4ebe71925af7b40a864553f761ed559b43544f8f71746c2d756c7fe788ade7c"
            ],
            "version": "==0.1.7"
        },
        "yarl": {
            "hashes": [
                "sha256:2e5f4f4d709aed4f689843ef605fc432d0472e3325a8e165b1ecf1e2f3f22a89",
                "sha256:412fe567284bdd16a8035c5a6f541da9872804b5702378532cf2e3ef5ae4a9e6",
                "sha256:629f542dfd4e964c9e32039a1515b3262dae210f8802cfcceca9f0b529c68ee7",
                "sha256:7bd0b31008afcba762d75171ac09135f49bc17c8d092bce49f0b9bf2c4b51850",
                "sha256:9510699e48d7565a2c1dc0a9fcb396f1ac80802991621cf02d55540d571a5dc9",
                "sha256:9a07c2a1b0c8b314ad5bcea37e62c109d8c19ad9f02985e8db898a56c129984f",
                "sha256:9a49055f9e3121449c76709986aee829c74e2eee3b98185542799eec97808ed1",
                "sha256:b59dd6679cb2ae172eb594f484e482aaac66fbff71a717603b0f9adf01649386",
                "sha256:e5d6b530bec5817be9383452728c116d59868bfbed650ccc7657b2ec9aa51c03"
            ],
            "version": "==1.4.0a11"
        },
        "yaspin": {
            "hashes": [
                "sha256:0ee4668936d0053de752c9a4963929faa3a832bd0ba823877d27855592dc80aa",
                "sha256:5a938bdc7bab353fd8942d0619d56c6b5159a80997dc1c387a479b39e6dc9391"
            ],
            "index": "pypi",
            "version": "==0.15.0"
        }
    },
    "develop": {}
}
