{
    "_meta": {
        "hash": {
            "sha256": "4476e6aac37cf703e6c0b0816da100d6359b92465a8c3485155a0d3a71865492"
        },
        "pipfile-spec": 6,
        "requires": {
            "python_version": "3.7"
        },
        "sources": [
            {
                "name": "pypi",
                "url": "https://pypi.org/simple",
                "verify_ssl": true
            }
        ]
    },
    "default": {
        "aiohttp": {
            "hashes": [
                "sha256:173267050501e1537293df06723bc5e719990889e2820ba3932969983892e960",
                "sha256:438f1f1555c02c50894604d94944cff188fe138b46467b7fa99fdceb51ab5842",
                "sha256:90bed250d1435aef33a1f8c439c5056d5d25a44fe6caf33fcafafed805bad4dc",
                "sha256:93c3b14747413f38f094a60e98f55e73831f0c9a23ae7faa3dc97d8963e13021",
                "sha256:a6e70a38d883185b1921d8122759661c39ade54949770394412a9e713fec6fa7",
                "sha256:b5036133c1ba77ed5a70208d2a021a90b76fdf8bf523ae33dae46d4f4380d86f",
                "sha256:c138451a82cdbf65cddf952941d5c7a1a2cac8ce3bc618dee8d889e5251ec7a5",
                "sha256:c94770383e49f9cc5912b926364ad022a6c8a5dbf5498933ca3a5713c6daf738",
                "sha256:ea26536ae06df6dac021303a0df72c79e55512070e6a304ba93ad468a3a754dc"
            ],
            "index": "pypi",
            "version": "==4.0.0a1"
        },
        "anytree": {
            "hashes": [
                "sha256:34c8f62a3c28b474313414ce52afe17589e9c154bfddea5d6be7bc7bfcbf3faa",
                "sha256:f313afc375c68275870ef5c7b5230abf1e3619273e7dc3251a8e6c591534e314"
            ],
            "index": "pypi",
            "version": "==2.7.3"
        },
        "appdirs": {
            "hashes": [
                "sha256:9e5896d1372858f8dd3344faf4e5014d21849c756c8d5701f78f8a103b372d92",
                "sha256:d8b24664561d0d34ddfaec54636d502d7cea6e29c3eaf68f3df6180863e2166e"
            ],
            "version": "==1.4.3"
        },
        "async-timeout": {
            "hashes": [
                "sha256:0c3c816a028d47f659d6ff5c745cb2acf1f966da1fe5c19c77a70282b25f4c5f",
                "sha256:4291ca197d287d274d0b6cb5d6f8f8f82d434ed288f962539ff18cc9012f9ea3"
            ],
            "version": "==3.0.1"
        },
        "attrs": {
            "hashes": [
                "sha256:08a96c641c3a74e44eb59afb61a24f2cb9f4d7188748e76ba4bb5edfa3cb7d1c",
                "sha256:f7b7ce16570fe9965acd6d30101a28f62fb4a7f9e926b3bbc9b61f8b04247e72"
            ],
            "version": "==19.3.0"
        },
        "black": {
            "hashes": [
                "sha256:1b30e59be925fafc1ee4565e5e08abef6b03fe455102883820fe5ee2e4734e0b",
                "sha256:c2edb73a08e9e0e6f65a0e6af18b059b8b1cdd5bef997d7a0b181df93dc81539"
            ],
            "index": "pypi",
            "version": "==19.10b0"
        },
        "boolean.py": {
            "hashes": [
                "sha256:82ae181f9c85cb5c893a5a4daba9f24d60b538a7dd27fd0c6752a77eba4fbeff",
                "sha256:bd19b412435611ecc712603d0fd7d0e280e24698e7a6e3d5f610473870c5dd1e"
            ],
            "version": "==3.7"
        },
        "chardet": {
            "hashes": [
                "sha256:84ab92ed1c4d4f16916e05906b6b75a6c0fb5db821cc65e70cbd64a3e2a5eaae",
                "sha256:fc323ffcaeaed0e0a02bf4d117757b98aed530d9ed4531e3e15460124c106691"
            ],
            "version": "==3.0.4"
        },
        "click": {
            "hashes": [
                "sha256:2335065e6395b9e67ca716de5f7526736bfa6ceead690adf616d925bdc622b13",
                "sha256:5b94b49521f6456670fdb30cd82a4eca9412788a93fa6dd6df72c94d5a8ff2d7"
            ],
            "version": "==7.0"
        },
        "docopt": {
            "hashes": [
                "sha256:49b3a825280bd66b3aa83585ef59c4a8c82f2c8a522dbe754a8bc8d08c85c491"
            ],
            "index": "pypi",
            "version": "==0.6.2"
        },
        "idna": {
            "hashes": [
                "sha256:c357b3f628cf53ae2c4c05627ecc484553142ca23264e593d327bcde5e9c3407",
                "sha256:ea8b7f6188e6fa117537c3df7da9fc686d485087abf6ac197f9c46432f7e4a3c"
            ],
            "version": "==2.8"
        },
        "license-expression": {
            "hashes": [
                "sha256:6d97906380cecfc758a77f6d38c6760f2afade7e83d2b8295e234fe21f486fb8",
                "sha256:7960e1dfdf20d127e75ead931476f2b5c7556df05b117a73880b22ade17d1abc"
            ],
            "index": "pypi",
            "version": "==1.2"
        },
        "multidict": {
            "hashes": [
                "sha256:09c19f642e055550c9319d5123221b7e07fc79bda58122aa93910e52f2ab2f29",
                "sha256:0c1a5d5f7aa7189f7b83c4411c2af8f1d38d69c4360d5de3eea129c65d8d7ce2",
                "sha256:12f22980e7ed0972a969520fb1e55682c9fca89a68b21b49ec43132e680be812",
                "sha256:258660e9d6b52de1a75097944e12718d3aa59adc611b703361e3577d69167aaf",
                "sha256:3374a23e707848f27b3438500db0c69eca82929337656fce556bd70031fbda74",
                "sha256:503b7fce0054c73aa631cc910a470052df33d599f3401f3b77e54d31182525d5",
                "sha256:6ce55f2c45ffc90239aab625bb1b4864eef33f73ea88487ef968291fbf09fb3f",
                "sha256:725496dde5730f4ad0a627e1a58e2620c1bde0ad1c8080aae15d583eb23344ce",
                "sha256:a3721078beff247d0cd4fb19d915c2c25f90907cf8d6cd49d0413a24915577c6",
                "sha256:ba566518550f81daca649eded8b5c7dd09210a854637c82351410aa15c49324a",
                "sha256:c42362750a51a15dc905cb891658f822ee5021bfbea898c03aa1ed833e2248a5",
                "sha256:cf14aaf2ab067ca10bca0b14d5cbd751dd249e65d371734bc0e47ddd8fafc175",
                "sha256:cf24e15986762f0e75a622eb19cfe39a042e952b8afba3e7408835b9af2be4fb",
                "sha256:d7b6da08538302c5245cd3103f333655ba7f274915f1f5121c4f4b5fbdb3febe",
                "sha256:e27e13b9ff0a914a6b8fb7e4947d4ac6be8e4f61ede17edffabd088817df9e26",
                "sha256:e53b205f8afd76fc6c942ef39e8ee7c519c775d336291d32874082a87802c67c",
                "sha256:ec804fc5f68695d91c24d716020278fcffd50890492690a7e1fef2e741f7172c"
            ],
            "version": "==4.7.1"
        },
        "pathspec": {
            "hashes": [
                "sha256:e285ccc8b0785beadd4c18e5708b12bb8fcf529a1e61215b3feff1d1e559ea5c"
            ],
            "version": "==0.6.0"
        },
        "pipdeptree": {
            "hashes": [
                "sha256:78942d3e6a88af1cea41e04d1c29ff5fbf4dda438aa8d8938ed88db22871cca3",
                "sha256:98178657b9c952be6d49e639bcf39bc8d0e1b93781b4c518a99e6599852d46e5",
                "sha256:f54a2388cfe3cbaa08f4702ee8957f0f3f0d6ff65899833ea57f12f2fc4ae0c1"
            ],
            "index": "pypi",
            "version": "==0.13.2"
        },
        "prompt-toolkit": {
            "hashes": [
                "sha256:46642344ce457641f28fc9d1c9ca939b63dadf8df128b86f1b9860e59c73a5e4",
                "sha256:e7f8af9e3d70f514373bf41aa51bc33af12a6db3f71461ea47fea985defb2c31",
                "sha256:f15af68f66e664eaa559d4ac8a928111eebd5feda0c11738b5998045224829db"
            ],
            "version": "==2.0.10"
        },
        "questionary": {
            "hashes": [
                "sha256:7d4f98c9e5a1c0cd7e45a2c13959d5df9de3f55cb208d7b0265e4dd53dede584",
                "sha256:87ffc9dab940ec962c54fe2eec3a4eecb10f7cfa91994fc94c839476f4099154"
            ],
            "index": "pypi",
            "version": "==1.4.0"
        },
        "regex": {
            "hashes": [
                "sha256:00b7761f9c3827e72286d8ac8a3c06dedde5a64b472ff248a82e524fa35f8edc",
                "sha256:1dfa7483f7ca19bce2c1a6ba4dadcb76c44d50c7571998bf947ca64f3bf19953",
                "sha256:2208314a61b839fd2c692f31dbce589368cd98c5060fd01aa0cc0acb438e8624",
                "sha256:259b6cd28bcb6a383a5ee5ad2e2b4ff18f817569251bc507ba03347e561d0a68",
                "sha256:2e1435c8a9f6b1e5ddfc24daa2cead026cd508e996fca8643c82669c47aa4798",
                "sha256:38d7e6f85eaa500cb00dbfd32c1ac771bac108cfcdf8b8943809762582152f01",
                "sha256:3ae9d4bf8b10a79540d73e8875152bf3a85acf7d329b3ff4ca34cad18c731859",
                "sha256:5107bff3ed7643802044667adf34c502ff4f09da4de9817b0212038995e4db73",
                "sha256:604b2d5ccf1a1bafa0b5494609ba6504608fab40a1cf2c73515cf4b56e017e76",
                "sha256:753e74c20f99e1852b1d7d495d9ee792828d9ef227090d3f32951066afeca285",
                "sha256:9d11e6f7947afbb51731ad66880723024133af4ff25402df3ada93a3eb348fa5",
                "sha256:9fe2fc04d4f62469b194bd8f7da41211de3891be3c2520e54892c650ef784c59",
                "sha256:ab0b9e583f9c99755344e7cfa72ba77d8827f04f0f12640ce831b6b0354a8287",
                "sha256:d079575ad9325842eada7fc96dc606447bd734eed68a27090a66766d31749eb6",
                "sha256:d2f51acb2fe1416f542a3110f4523b4fa68f06e0ffb1ea840051f6ceeadc9c15",
                "sha256:d54623291098592bb28ba463d657355e6191c513c0a311098557da71801a46ca",
                "sha256:dcd2f329f0bff958ca3f97c54a0679e56827944d5e5576b45b41bb2f8441530f",
                "sha256:e0ab27c056b272be3394ad93f4e9a72b7b874130a0834c38ab60d26f92416d36",
                "sha256:e100698de57d7c6cddf5a1ddc0371c1745fbce5483148b22ada2a411e7806498",
                "sha256:e13f8441d3dc50c9e5d5b0e8067609c90f74797c0e7e05a296afb3dc8851f681",
                "sha256:f2f458cf79cff09ef1e52013410c8e1ab81bb18c0589d1b76d87589cf2cadbd0"
            ],
            "version": "==2019.12.17"
        },
        "six": {
            "hashes": [
                "sha256:1f1b7d42e254082a9db6279deae68afb421ceba6158efa6131de7b3003ee93fd",
                "sha256:30f610279e8b2578cab6db20741130331735c781b56053c59c4076da27f06b66"
            ],
            "version": "==1.13.0"
        },
        "toml": {
            "hashes": [
                "sha256:229f81c57791a41d65e399fc06bf0848bab550a9dfd5ed66df18ce5f05e73d5c",
                "sha256:235682dd292d5899d361a811df37e04a8828a5b1da3115886b73cf81ebc9100e"
            ],
            "version": "==0.10.0"
        },
        "typed-ast": {
            "hashes": [
                "sha256:1170afa46a3799e18b4c977777ce137bb53c7485379d9706af8a59f2ea1aa161",
                "sha256:18511a0b3e7922276346bcb47e2ef9f38fb90fd31cb9223eed42c85d1312344e",
                "sha256:262c247a82d005e43b5b7f69aff746370538e176131c32dda9cb0f324d27141e",
                "sha256:2b907eb046d049bcd9892e3076c7a6456c93a25bebfe554e931620c90e6a25b0",
                "sha256:354c16e5babd09f5cb0ee000d54cfa38401d8b8891eefa878ac772f827181a3c",
                "sha256:48e5b1e71f25cfdef98b013263a88d7145879fbb2d5185f2a0c79fa7ebbeae47",
                "sha256:4e0b70c6fc4d010f8107726af5fd37921b666f5b31d9331f0bd24ad9a088e631",
                "sha256:630968c5cdee51a11c05a30453f8cd65e0cc1d2ad0d9192819df9978984529f4",
                "sha256:66480f95b8167c9c5c5c87f32cf437d585937970f3fc24386f313a4c97b44e34",
                "sha256:71211d26ffd12d63a83e079ff258ac9d56a1376a25bc80b1cdcdf601b855b90b",
                "sha256:7954560051331d003b4e2b3eb822d9dd2e376fa4f6d98fee32f452f52dd6ebb2",
                "sha256:838997f4310012cf2e1ad3803bce2f3402e9ffb71ded61b5ee22617b3a7f6b6e",
                "sha256:95bd11af7eafc16e829af2d3df510cecfd4387f6453355188342c3e79a2ec87a",
                "sha256:bc6c7d3fa1325a0c6613512a093bc2a2a15aeec350451cbdf9e1d4bffe3e3233",
                "sha256:cc34a6f5b426748a507dd5d1de4c1978f2eb5626d51326e43280941206c209e1",
                "sha256:d755f03c1e4a51e9b24d899561fec4ccaf51f210d52abdf8c07ee2849b212a36",
                "sha256:d7c45933b1bdfaf9f36c579671fec15d25b06c8398f113dab64c18ed1adda01d",
                "sha256:d896919306dd0aa22d0132f62a1b78d11aaf4c9fc5b3410d3c666b818191630a",
                "sha256:fdc1c9bbf79510b76408840e009ed65958feba92a88833cdceecff93ae8fff66",
                "sha256:ffde2fbfad571af120fcbfbbc61c72469e72f550d676c3342492a9dfdefb8f12"
            ],
            "version": "==1.4.0"
        },
        "typing-extensions": {
            "hashes": [
                "sha256:091ecc894d5e908ac75209f10d5b4f118fbdb2eb1ede6a63544054bb1edb41f2",
                "sha256:910f4656f54de5993ad9304959ce9bb903f90aadc7c67a0bef07e678014e892d",
                "sha256:cf8b63fedea4d89bab840ecbb93e75578af28f76f66c35889bd7065f5af88575"
            ],
            "version": "==3.7.4.1"
        },
        "urllib3": {
            "hashes": [
                "sha256:a8a318824cc77d1fd4b2bec2ded92646630d7fe8619497b142c84a9e6f5a7293",
                "sha256:f3c5fd51747d450d4dcf6f923c81f78f811aab8205fda64b0aba34a4e48b0745"
            ],
            "index": "pypi",
            "version": "==1.25.7"
        },
        "wcwidth": {
            "hashes": [
                "sha256:3df37372226d6e63e1b1e1eda15c594bca98a22d33a23832a90998faa96bc65e",
                "sha256:f4ebe71925af7b40a864553f761ed559b43544f8f71746c2d756c7fe788ade7c"
            ],
            "version": "==0.1.7"
        },
        "yarl": {
            "hashes": [
                "sha256:0c2ab325d33f1b824734b3ef51d4d54a54e0e7a23d13b86974507602334c2cce",
                "sha256:0ca2f395591bbd85ddd50a82eb1fde9c1066fafe888c5c7cc1d810cf03fd3cc6",
                "sha256:2098a4b4b9d75ee352807a95cdf5f10180db903bc5b7270715c6bbe2551f64ce",
                "sha256:25e66e5e2007c7a39541ca13b559cd8ebc2ad8fe00ea94a2aad28a9b1e44e5ae",
                "sha256:26d7c90cb04dee1665282a5d1a998defc1a9e012fdca0f33396f81508f49696d",
                "sha256:308b98b0c8cd1dfef1a0311dc5e38ae8f9b58349226aa0533f15a16717ad702f",
                "sha256:3ce3d4f7c6b69c4e4f0704b32eca8123b9c58ae91af740481aa57d7857b5e41b",
                "sha256:58cd9c469eced558cd81aa3f484b2924e8897049e06889e8ff2510435b7ef74b",
                "sha256:5b10eb0e7f044cf0b035112446b26a3a2946bca9d7d7edb5e54a2ad2f6652abb",
                "sha256:6faa19d3824c21bcbfdfce5171e193c8b4ddafdf0ac3f129ccf0cdfcb083e462",
                "sha256:944494be42fa630134bf907714d40207e646fd5a94423c90d5b514f7b0713fea",
                "sha256:a161de7e50224e8e3de6e184707476b5a989037dcb24292b391a3d66ff158e70",
                "sha256:a4844ebb2be14768f7994f2017f70aca39d658a96c786211be5ddbe1c68794c1",
                "sha256:c2b509ac3d4b988ae8769901c66345425e361d518aecbe4acbfc2567e416626a",
                "sha256:c9959d49a77b0e07559e579f38b2f3711c2b8716b8410b320bf9713013215a1b",
                "sha256:d8cdee92bc930d8b09d8bd2043cedd544d9c8bd7436a77678dd602467a993080",
                "sha256:e15199cdb423316e15f108f51249e44eb156ae5dba232cb73be555324a1d49c2"
            ],
            "version": "==1.4.2"
        },
        "yaspin": {
            "hashes": [
                "sha256:0ee4668936d0053de752c9a4963929faa3a832bd0ba823877d27855592dc80aa",
                "sha256:5a938bdc7bab353fd8942d0619d56c6b5159a80997dc1c387a479b39e6dc9391"
            ],
            "index": "pypi",
            "version": "==0.15.0"
        }
    },
    "develop": {}
}
